
Microsoft Visual Studio Solution File, Format Version 12.00
# Visual Studio 14
VisualStudioVersion = 14.0.25420.1
MinimumVisualStudioVersion = 10.0.40219.1
Project("{FAE04EC0-301F-11D3-BF4B-00C04F79EFBC}") = "CreateDeviceIdentity", "CreateDeviceIdentity\CreateDeviceIdentity.csproj", "{AB07E432-399F-4290-820D-84BACDBA4E6C}"
EndProject
Project("{FAE04EC0-301F-11D3-BF4B-00C04F79EFBC}") = "Config", "Config\Config.csproj", "{ED96143A-4E8D-48B7-826E-D2D633CF73E3}"
EndProject
Project("{FAE04EC0-301F-11D3-BF4B-00C04F79EFBC}") = "SimulatedDevice", "SimulatedDevice\SimulatedDevice.csproj", "{1D85C45B-08B9-4C6B-AE42-F103CC6C7BBD}"
EndProject
Project("{FAE04EC0-301F-11D3-BF4B-00C04F79EFBC}") = "ProcessDeviceToCloudMessages", "ProcessDeviceToCloudMessages\ProcessDeviceToCloudMessages.csproj", "{D7F9FDC1-10DE-459B-9021-9A1D49090BE2}"
EndProject
Global
	GlobalSection(SolutionConfigurationPlatforms) = preSolution
		Debug|Any CPU = Debug|Any CPU
		Release|Any CPU = Release|Any CPU
	EndGlobalSection
	GlobalSection(ProjectConfigurationPlatforms) = postSolution
		{AB07E432-399F-4290-820D-84BACDBA4E6C}.Debug|Any CPU.ActiveCfg = Debug|Any CPU
		{AB07E432-399F-4290-820D-84BACDBA4E6C}.Debug|Any CPU.Build.0 = Debug|Any CPU
		{AB07E432-399F-4290-820D-84BACDBA4E6C}.Release|Any CPU.ActiveCfg = Release|Any CPU
		{AB07E432-399F-4290-820D-84BACDBA4E6C}.Release|Any CPU.Build.0 = Release|Any CPU
		{ED96143A-4E8D-48B7-826E-D2D633CF73E3}.Debug|Any CPU.ActiveCfg = Debug|Any CPU
		{ED96143A-4E8D-48B7-826E-D2D633CF73E3}.Debug|Any CPU.Build.0 = Debug|Any CPU
		{ED96143A-4E8D-48B7-826E-D2D633CF73E3}.Release|Any CPU.ActiveCfg = Release|Any CPU
		{ED96143A-4E8D-48B7-826E-D2D633CF73E3}.Release|Any CPU.Build.0 = Release|Any CPU
		{1D85C45B-08B9-4C6B-AE42-F103CC6C7BBD}.Debug|Any CPU.ActiveCfg = Debug|Any CPU
		{1D85C45B-08B9-4C6B-AE42-F103CC6C7BBD}.Debug|Any CPU.Build.0 = Debug|Any CPU
		{1D85C45B-08B9-4C6B-AE42-F103CC6C7BBD}.Release|Any CPU.ActiveCfg = Release|Any CPU
		{1D85C45B-08B9-4C6B-AE42-F103CC6C7BBD}.Release|Any CPU.Build.0 = Release|Any CPU
		{D7F9FDC1-10DE-459B-9021-9A1D49090BE2}.Debug|Any CPU.ActiveCfg = Debug|Any CPU
		{D7F9FDC1-10DE-459B-9021-9A1D49090BE2}.Debug|Any CPU.Build.0 = Debug|Any CPU
		{D7F9FDC1-10DE-459B-9021-9A1D49090BE2}.Release|Any CPU.ActiveCfg = Release|Any CPU
		{D7F9FDC1-10DE-459B-9021-9A1D49090BE2}.Release|Any CPU.Build.0 = Release|Any CPU
	EndGlobalSection
	GlobalSection(SolutionProperties) = preSolution
		HideSolutionNode = FALSE
	EndGlobalSection
EndGlobal
